
Microsoft Visual Studio Solution File, Format Version 12.00
Project("{FAE04EC0-301F-11D3-BF4B-00C04F79EFBC}") = "ChuniPet", "ChuniPet\ChuniPet.csproj", "{D92F58B8-EBE7-4743-82BC-615889C420D2}"
EndProject
Global
	GlobalSection(SolutionConfigurationPlatforms) = preSolution
		Debug|Any CPU = Debug|Any CPU
		Release|Any CPU = Release|Any CPU
	EndGlobalSection
	GlobalSection(ProjectConfigurationPlatforms) = postSolution
		{D92F58B8-EBE7-4743-82BC-615889C420D2}.Debug|Any CPU.ActiveCfg = Debug|Any CPU
		{D92F58B8-EBE7-4743-82BC-615889C420D2}.Debug|Any CPU.Build.0 = Debug|Any CPU
		{D92F58B8-EBE7-4743-82BC-615889C420D2}.Release|Any CPU.ActiveCfg = Release|Any CPU
		{D92F58B8-EBE7-4743-82BC-615889C420D2}.Release|Any CPU.Build.0 = Release|Any CPU
	EndGlobalSection
EndGlobal
